
Microsoft Visual Studio Solution File, Format Version 12.00
# Visual Studio 14
VisualStudioVersion = 14.0.25420.1
MinimumVisualStudioVersion = 10.0.40219.1
Project("{FAE04EC0-301F-11D3-BF4B-00C04F79EFBC}") = "Imgur UWP", "Imgur UWP\Imgur UWP.csproj", "{B46FC84B-82F7-4091-9C72-BFB4CBF53584}"
EndProject
Global
	GlobalSection(SolutionConfigurationPlatforms) = preSolution
		Debug|ARM = Debug|ARM
		Debug|x64 = Debug|x64
		Debug|x86 = Debug|x86
		Release|ARM = Release|ARM
		Release|x64 = Release|x64
		Release|x86 = Release|x86
	EndGlobalSection
	GlobalSection(ProjectConfigurationPlatforms) = postSolution
		{B46FC84B-82F7-4091-9C72-BFB4CBF53584}.Debug|ARM.ActiveCfg = Debug|ARM
		{B46FC84B-82F7-4091-9C72-BFB4CBF53584}.Debug|ARM.Build.0 = Debug|ARM
		{B46FC84B-82F7-4091-9C72-BFB4CBF53584}.Debug|ARM.Deploy.0 = Debug|ARM
		{B46FC84B-82F7-4091-9C72-BFB4CBF53584}.Debug|x64.ActiveCfg = Debug|x64
		{B46FC84B-82F7-4091-9C72-BFB4CBF53584}.Debug|x64.Build.0 = Debug|x64
		{B46FC84B-82F7-4091-9C72-BFB4CBF53584}.Debug|x64.Deploy.0 = Debug|x64
		{B46FC84B-82F7-4091-9C72-BFB4CBF53584}.Debug|x86.ActiveCfg = Debug|x86
		{B46FC84B-82F7-4091-9C72-BFB4CBF53584}.Debug|x86.Build.0 = Debug|x86
		{B46FC84B-82F7-4091-9C72-BFB4CBF53584}.Debug|x86.Deploy.0 = Debug|x86
		{B46FC84B-82F7-4091-9C72-BFB4CBF53584}.Release|ARM.ActiveCfg = Release|ARM
		{B46FC84B-82F7-4091-9C72-BFB4CBF53584}.Release|ARM.Build.0 = Release|ARM
		{B46FC84B-82F7-4091-9C72-BFB4CBF53584}.Release|ARM.Deploy.0 = Release|ARM
		{B46FC84B-82F7-4091-9C72-BFB4CBF53584}.Release|x64.ActiveCfg = Release|x64
		{B46FC84B-82F7-4091-9C72-BFB4CBF53584}.Release|x64.Build.0 = Release|x64
		{B46FC84B-82F7-4091-9C72-BFB4CBF53584}.Release|x64.Deploy.0 = Release|x64
		{B46FC84B-82F7-4091-9C72-BFB4CBF53584}.Release|x86.ActiveCfg = Release|x86
		{B46FC84B-82F7-4091-9C72-BFB4CBF53584}.Release|x86.Build.0 = Release|x86
		{B46FC84B-82F7-4091-9C72-BFB4CBF53584}.Release|x86.Deploy.0 = Release|x86
	EndGlobalSection
	GlobalSection(SolutionProperties) = preSolution
		HideSolutionNode = FALSE
	EndGlobalSection
EndGlobal
